{
  "name": "hexo-site",
  "version": "0.0.0",
  "lockfileVersion": 3,
  "requires": true,
  "packages": {
    "": {
      "name": "hexo-site",
      "version": "0.0.0",
      "dependencies": {
        "hexo": "^7.3.0",
        "hexo-generator-archive": "^2.0.0",
        "hexo-generator-category": "^2.0.0",
        "hexo-generator-index": "^4.0.0",
        "hexo-generator-tag": "^2.0.0",
        "hexo-renderer-ejs": "^2.0.0",
        "hexo-renderer-marked": "^6.3.0",
        "hexo-renderer-stylus": "^3.0.1",
        "hexo-server": "^3.0.0",
        "hexo-theme-landscape": "^1.0.0"
      }
    },
    "node_modules/hexo": {
      "version": "7.3.0",
      "resolved": "https://registry.npmjs.org/hexo/-/hexo-7.3.0.tgz",
      "integrity": "sha512-..."
    },
    "node_modules/hexo-generator-archive": {
      "version": "2.0.0",
      "resolved": "https://registry.npmjs.org/hexo-generator-archive/-/hexo-generator-archive-2.0.0.tgz",
      "integrity": "sha512-..."
    },
    "node_modules/hexo-generator-category": {
      "version": "2.0.0",
      "resolved": "https://registry.npmjs.org/hexo-generator-category/-/hexo-generator-category-2.0.0.tgz",
      "integrity": "sha512-..."
    },
    "node_modules/hexo-generator-index": {
      "version": "4.0.0",
      "resolved": "https://registry.npmjs.org/hexo-generator-index/-/hexo-generator-index-4.0.0.tgz",
      "integrity": "sha512-..."
    },
    "node_modules/hexo-generator-tag": {
      "version": "2.0.0",
      "resolved": "https://registry.npmjs.org/hexo-generator-tag/-/hexo-generator-tag-2.0.0.tgz",
      "integrity": "sha512-..."
    },
    "node_modules/hexo-renderer-ejs": {
      "version": "2.0.0",
      "resolved": "https://registry.npmjs.org/hexo-renderer-ejs/-/hexo-renderer-ejs-2.0.0.tgz",
      "integrity": "sha512-..."
    },
    "node_modules/hexo-renderer-marked": {
      "version": "6.3.0",
      "resolved": "https://registry.npmjs.org/hexo-renderer-marked/-/hexo-renderer-marked-6.3.0.tgz",
      "integrity": "sha512-..."
    },
    "node_modules/hexo-renderer-stylus": {
      "version": "3.0.1",
      "resolved": "https://registry.npmjs.org/hexo-renderer-stylus/-/hexo-renderer-stylus-3.0.1.tgz",
      "integrity": "sha512-..."
    },
    "node_modules/hexo-server": {
      "version": "3.0.0",
      "resolved": "https://registry.npmjs.org/hexo-server/-/hexo-server-3.0.0.tgz",
      "integrity": "sha512-..."
    },
    "node_modules/hexo-theme-landscape": {
      "version": "1.0.0",
      "resolved": "https://registry.npmjs.org/hexo-theme-landscape/-/hexo-theme-landscape-1.0.0.tgz",
      "integrity": "sha512-..."
    }
  }
}
